
Microsoft Visual Studio Solution File, Format Version 12.00
# Visual Studio Version 17
VisualStudioVersion = 17.3.32901.215
MinimumVisualStudioVersion = 10.0.40219.1
Project("{FAE04EC0-301F-11D3-BF4B-00C04F79EFBC}") = "FeatherAndBeads.API", "FeatherAndBeads.API\FeatherAndBeads.API.csproj", "{623262A0-5226-4975-8581-5E850AA7BE2E}"
EndProject
Global
	GlobalSection(SolutionConfigurationPlatforms) = preSolution
		Debug|Any CPU = Debug|Any CPU
		Release|Any CPU = Release|Any CPU
	EndGlobalSection
	GlobalSection(ProjectConfigurationPlatforms) = postSolution
		{623262A0-5226-4975-8581-5E850AA7BE2E}.Debug|Any CPU.ActiveCfg = Debug|Any CPU
		{623262A0-5226-4975-8581-5E850AA7BE2E}.Debug|Any CPU.Build.0 = Debug|Any CPU
		{623262A0-5226-4975-8581-5E850AA7BE2E}.Release|Any CPU.ActiveCfg = Release|Any CPU
		{623262A0-5226-4975-8581-5E850AA7BE2E}.Release|Any CPU.Build.0 = Release|Any CPU
	EndGlobalSection
	GlobalSection(SolutionProperties) = preSolution
		HideSolutionNode = FALSE
	EndGlobalSection
	GlobalSection(ExtensibilityGlobals) = postSolution
		SolutionGuid = {C6F4F3EC-55A1-43A5-806D-F3074592C64F}
	EndGlobalSection
EndGlobal
